{
    "name": "desafio-desenvolvedor-fullstack-junior-3",
    "version": "1.0.0",
    "lockfileVersion": 2,
    "requires": true,
    "packages": {
        "": {
            "name": "desafio-desenvolvedor-fullstack-junior-3",
            "version": "1.0.0",
            "license": "ISC",
            "devDependencies": {}
        }
    }
}
